
Microsoft Visual Studio Solution File, Format Version 12.00
# Visual Studio Version 17
VisualStudioVersion = 17.4.33205.214
MinimumVisualStudioVersion = 10.0.40219.1
Project("{9A19103F-16F7-4668-BE54-9A1E7A4F7556}") = "MyersAndStaufferFramework", "MyersAndStaufferAutomation\MyersAndStaufferFramework\MyersAndStaufferFramework.csproj", "{2540BEE3-121B-4A40-991D-CAAF35E56A56}"
EndProject
Project("{9A19103F-16F7-4668-BE54-9A1E7A4F7556}") = "MyersAndStaufferSeleniumTests", "MyersAndStaufferAutomation\MyersAndStaufferSeleniumTests\MyersAndStaufferSeleniumTests.csproj", "{651006BE-389B-4DE4-90B2-0AE4975E3A56}"
EndProject
Project("{9A19103F-16F7-4668-BE54-9A1E7A4F7556}") = "TestSeleniumReport", "TestSeleniumReport\TestSeleniumReport.csproj", "{72C97B1C-B43C-41DE-BF56-44AA8749C462}"
EndProject
Global
	GlobalSection(SolutionConfigurationPlatforms) = preSolution
		Debug|Any CPU = Debug|Any CPU
		Debug|x64 = Debug|x64
		Release|Any CPU = Release|Any CPU
		Release|x64 = Release|x64
	EndGlobalSection
	GlobalSection(ProjectConfigurationPlatforms) = postSolution
		{2540BEE3-121B-4A40-991D-CAAF35E56A56}.Debug|Any CPU.ActiveCfg = Debug|Any CPU
		{2540BEE3-121B-4A40-991D-CAAF35E56A56}.Debug|Any CPU.Build.0 = Debug|Any CPU
		{2540BEE3-121B-4A40-991D-CAAF35E56A56}.Debug|x64.ActiveCfg = Debug|x64
		{2540BEE3-121B-4A40-991D-CAAF35E56A56}.Debug|x64.Build.0 = Debug|x64
		{2540BEE3-121B-4A40-991D-CAAF35E56A56}.Release|Any CPU.ActiveCfg = Release|Any CPU
		{2540BEE3-121B-4A40-991D-CAAF35E56A56}.Release|Any CPU.Build.0 = Release|Any CPU
		{2540BEE3-121B-4A40-991D-CAAF35E56A56}.Release|x64.ActiveCfg = Release|x64
		{2540BEE3-121B-4A40-991D-CAAF35E56A56}.Release|x64.Build.0 = Release|x64
		{651006BE-389B-4DE4-90B2-0AE4975E3A56}.Debug|Any CPU.ActiveCfg = Debug|Any CPU
		{651006BE-389B-4DE4-90B2-0AE4975E3A56}.Debug|Any CPU.Build.0 = Debug|Any CPU
		{651006BE-389B-4DE4-90B2-0AE4975E3A56}.Debug|x64.ActiveCfg = Debug|x64
		{651006BE-389B-4DE4-90B2-0AE4975E3A56}.Debug|x64.Build.0 = Debug|x64
		{651006BE-389B-4DE4-90B2-0AE4975E3A56}.Release|Any CPU.ActiveCfg = Release|Any CPU
		{651006BE-389B-4DE4-90B2-0AE4975E3A56}.Release|Any CPU.Build.0 = Release|Any CPU
		{651006BE-389B-4DE4-90B2-0AE4975E3A56}.Release|x64.ActiveCfg = Release|x64
		{651006BE-389B-4DE4-90B2-0AE4975E3A56}.Release|x64.Build.0 = Release|x64
		{72C97B1C-B43C-41DE-BF56-44AA8749C462}.Debug|Any CPU.ActiveCfg = Debug|Any CPU
		{72C97B1C-B43C-41DE-BF56-44AA8749C462}.Debug|Any CPU.Build.0 = Debug|Any CPU
		{72C97B1C-B43C-41DE-BF56-44AA8749C462}.Debug|x64.ActiveCfg = Debug|Any CPU
		{72C97B1C-B43C-41DE-BF56-44AA8749C462}.Debug|x64.Build.0 = Debug|Any CPU
		{72C97B1C-B43C-41DE-BF56-44AA8749C462}.Release|Any CPU.ActiveCfg = Release|Any CPU
		{72C97B1C-B43C-41DE-BF56-44AA8749C462}.Release|Any CPU.Build.0 = Release|Any CPU
		{72C97B1C-B43C-41DE-BF56-44AA8749C462}.Release|x64.ActiveCfg = Release|Any CPU
		{72C97B1C-B43C-41DE-BF56-44AA8749C462}.Release|x64.Build.0 = Release|Any CPU
	EndGlobalSection
	GlobalSection(SolutionProperties) = preSolution
		HideSolutionNode = FALSE
	EndGlobalSection
	GlobalSection(ExtensibilityGlobals) = postSolution
		SolutionGuid = {53BD0F04-B643-4603-9A42-9F9FB547E1E4}
	EndGlobalSection
EndGlobal
