
Microsoft Visual Studio Solution File, Format Version 12.00
# Visual Studio Version 17
VisualStudioVersion = 17.4.33205.214
MinimumVisualStudioVersion = 10.0.40219.1
Project("{9A19103F-16F7-4668-BE54-9A1E7A4F7556}") = "MyersAndStaufferFramework", "MyersAndStaufferAutomation\MyersAndStaufferFramework\MyersAndStaufferFramework.csproj", "{2540BEE3-121B-4A40-991D-CAAF35E56A56}"
EndProject
Project("{9A19103F-16F7-4668-BE54-9A1E7A4F7556}") = "MyersAndStaufferSeleniumTests", "MyersAndStaufferAutomation\MyersAndStaufferSeleniumTests\MyersAndStaufferSeleniumTests.csproj", "{651006BE-389B-4DE4-90B2-0AE4975E3A56}"
EndProject
Project("{9A19103F-16F7-4668-BE54-9A1E7A4F7556}") = "TestSeleniumReport", "TestSeleniumReport\TestSeleniumReport.csproj", "{72C97B1C-B43C-41DE-BF56-44AA8749C462}"
EndProject
Project("{9A19103F-16F7-4668-BE54-9A1E7A4F7556}") = "SeleniumReportAPI", "SeleniumReportAPI\SeleniumReportAPI.csproj", "{305EB4E4-3640-4750-BD72-09BB4768DCA9}"
EndProject
Project("{54A90642-561A-4BB1-A94E-469ADEE60C69}") = "seleniumreact_app", "seleniumreact_app\seleniumreact_app.esproj", "{50462AD7-F977-4E0E-AE34-FEA63434C207}"
EndProject
Project("{2150E333-8FDC-42A3-9474-1A3956D46DE8}") = "Solution Items", "Solution Items", "{A3024648-BCE6-4372-BBDA-65A38554A77D}"
	ProjectSection(SolutionItems) = preProject
		docker-compose.yml = docker-compose.yml
	EndProjectSection
EndProject
Global
	GlobalSection(SolutionConfigurationPlatforms) = preSolution
		Debug|Any CPU = Debug|Any CPU
		Debug|ARM32 = Debug|ARM32
		Debug|ARM64 = Debug|ARM64
		Debug|x64 = Debug|x64
		Release|Any CPU = Release|Any CPU
		Release|ARM32 = Release|ARM32
		Release|ARM64 = Release|ARM64
		Release|x64 = Release|x64
	EndGlobalSection
	GlobalSection(ProjectConfigurationPlatforms) = postSolution
		{2540BEE3-121B-4A40-991D-CAAF35E56A56}.Debug|Any CPU.ActiveCfg = Debug|Any CPU
		{2540BEE3-121B-4A40-991D-CAAF35E56A56}.Debug|Any CPU.Build.0 = Debug|Any CPU
		{2540BEE3-121B-4A40-991D-CAAF35E56A56}.Debug|ARM32.ActiveCfg = Debug|Any CPU
		{2540BEE3-121B-4A40-991D-CAAF35E56A56}.Debug|ARM32.Build.0 = Debug|Any CPU
		{2540BEE3-121B-4A40-991D-CAAF35E56A56}.Debug|ARM64.ActiveCfg = Debug|x64
		{2540BEE3-121B-4A40-991D-CAAF35E56A56}.Debug|ARM64.Build.0 = Debug|x64
		{2540BEE3-121B-4A40-991D-CAAF35E56A56}.Debug|x64.ActiveCfg = Debug|x64
		{2540BEE3-121B-4A40-991D-CAAF35E56A56}.Debug|x64.Build.0 = Debug|x64
		{2540BEE3-121B-4A40-991D-CAAF35E56A56}.Release|Any CPU.ActiveCfg = Release|Any CPU
		{2540BEE3-121B-4A40-991D-CAAF35E56A56}.Release|Any CPU.Build.0 = Release|Any CPU
		{2540BEE3-121B-4A40-991D-CAAF35E56A56}.Release|ARM32.ActiveCfg = Release|Any CPU
		{2540BEE3-121B-4A40-991D-CAAF35E56A56}.Release|ARM32.Build.0 = Release|Any CPU
		{2540BEE3-121B-4A40-991D-CAAF35E56A56}.Release|ARM64.ActiveCfg = Release|Any CPU
		{2540BEE3-121B-4A40-991D-CAAF35E56A56}.Release|ARM64.Build.0 = Release|Any CPU
		{2540BEE3-121B-4A40-991D-CAAF35E56A56}.Release|x64.ActiveCfg = Release|x64
		{2540BEE3-121B-4A40-991D-CAAF35E56A56}.Release|x64.Build.0 = Release|x64
		{651006BE-389B-4DE4-90B2-0AE4975E3A56}.Debug|Any CPU.ActiveCfg = Debug|Any CPU
		{651006BE-389B-4DE4-90B2-0AE4975E3A56}.Debug|Any CPU.Build.0 = Debug|Any CPU
		{651006BE-389B-4DE4-90B2-0AE4975E3A56}.Debug|ARM32.ActiveCfg = Debug|Any CPU
		{651006BE-389B-4DE4-90B2-0AE4975E3A56}.Debug|ARM32.Build.0 = Debug|Any CPU
		{651006BE-389B-4DE4-90B2-0AE4975E3A56}.Debug|ARM64.ActiveCfg = Debug|x64
		{651006BE-389B-4DE4-90B2-0AE4975E3A56}.Debug|ARM64.Build.0 = Debug|x64
		{651006BE-389B-4DE4-90B2-0AE4975E3A56}.Debug|x64.ActiveCfg = Debug|x64
		{651006BE-389B-4DE4-90B2-0AE4975E3A56}.Debug|x64.Build.0 = Debug|x64
		{651006BE-389B-4DE4-90B2-0AE4975E3A56}.Release|Any CPU.ActiveCfg = Release|Any CPU
		{651006BE-389B-4DE4-90B2-0AE4975E3A56}.Release|Any CPU.Build.0 = Release|Any CPU
		{651006BE-389B-4DE4-90B2-0AE4975E3A56}.Release|ARM32.ActiveCfg = Release|Any CPU
		{651006BE-389B-4DE4-90B2-0AE4975E3A56}.Release|ARM32.Build.0 = Release|Any CPU
		{651006BE-389B-4DE4-90B2-0AE4975E3A56}.Release|ARM64.ActiveCfg = Release|Any CPU
		{651006BE-389B-4DE4-90B2-0AE4975E3A56}.Release|ARM64.Build.0 = Release|Any CPU
		{651006BE-389B-4DE4-90B2-0AE4975E3A56}.Release|x64.ActiveCfg = Release|x64
		{651006BE-389B-4DE4-90B2-0AE4975E3A56}.Release|x64.Build.0 = Release|x64
		{72C97B1C-B43C-41DE-BF56-44AA8749C462}.Debug|Any CPU.ActiveCfg = Debug|Any CPU
		{72C97B1C-B43C-41DE-BF56-44AA8749C462}.Debug|Any CPU.Build.0 = Debug|Any CPU
		{72C97B1C-B43C-41DE-BF56-44AA8749C462}.Debug|ARM32.ActiveCfg = Debug|ARM32
		{72C97B1C-B43C-41DE-BF56-44AA8749C462}.Debug|ARM32.Build.0 = Debug|ARM32
		{72C97B1C-B43C-41DE-BF56-44AA8749C462}.Debug|ARM64.ActiveCfg = Debug|ARM64
		{72C97B1C-B43C-41DE-BF56-44AA8749C462}.Debug|ARM64.Build.0 = Debug|ARM64
		{72C97B1C-B43C-41DE-BF56-44AA8749C462}.Debug|x64.ActiveCfg = Debug|Any CPU
		{72C97B1C-B43C-41DE-BF56-44AA8749C462}.Debug|x64.Build.0 = Debug|Any CPU
		{72C97B1C-B43C-41DE-BF56-44AA8749C462}.Release|Any CPU.ActiveCfg = Release|Any CPU
		{72C97B1C-B43C-41DE-BF56-44AA8749C462}.Release|Any CPU.Build.0 = Release|Any CPU
		{72C97B1C-B43C-41DE-BF56-44AA8749C462}.Release|ARM32.ActiveCfg = Release|ARM32
		{72C97B1C-B43C-41DE-BF56-44AA8749C462}.Release|ARM32.Build.0 = Release|ARM32
		{72C97B1C-B43C-41DE-BF56-44AA8749C462}.Release|ARM64.ActiveCfg = Release|ARM64
		{72C97B1C-B43C-41DE-BF56-44AA8749C462}.Release|ARM64.Build.0 = Release|ARM64
		{72C97B1C-B43C-41DE-BF56-44AA8749C462}.Release|x64.ActiveCfg = Release|Any CPU
		{72C97B1C-B43C-41DE-BF56-44AA8749C462}.Release|x64.Build.0 = Release|Any CPU
		{305EB4E4-3640-4750-BD72-09BB4768DCA9}.Debug|Any CPU.ActiveCfg = Debug|Any CPU
		{305EB4E4-3640-4750-BD72-09BB4768DCA9}.Debug|Any CPU.Build.0 = Debug|Any CPU
		{305EB4E4-3640-4750-BD72-09BB4768DCA9}.Debug|ARM32.ActiveCfg = Debug|Any CPU
		{305EB4E4-3640-4750-BD72-09BB4768DCA9}.Debug|ARM32.Build.0 = Debug|Any CPU
		{305EB4E4-3640-4750-BD72-09BB4768DCA9}.Debug|ARM64.ActiveCfg = Debug|Any CPU
		{305EB4E4-3640-4750-BD72-09BB4768DCA9}.Debug|ARM64.Build.0 = Debug|Any CPU
		{305EB4E4-3640-4750-BD72-09BB4768DCA9}.Debug|x64.ActiveCfg = Debug|Any CPU
		{305EB4E4-3640-4750-BD72-09BB4768DCA9}.Debug|x64.Build.0 = Debug|Any CPU
		{305EB4E4-3640-4750-BD72-09BB4768DCA9}.Release|Any CPU.ActiveCfg = Release|Any CPU
		{305EB4E4-3640-4750-BD72-09BB4768DCA9}.Release|Any CPU.Build.0 = Release|Any CPU
		{305EB4E4-3640-4750-BD72-09BB4768DCA9}.Release|ARM32.ActiveCfg = Release|Any CPU
		{305EB4E4-3640-4750-BD72-09BB4768DCA9}.Release|ARM32.Build.0 = Release|Any CPU
		{305EB4E4-3640-4750-BD72-09BB4768DCA9}.Release|ARM64.ActiveCfg = Release|Any CPU
		{305EB4E4-3640-4750-BD72-09BB4768DCA9}.Release|ARM64.Build.0 = Release|Any CPU
		{305EB4E4-3640-4750-BD72-09BB4768DCA9}.Release|x64.ActiveCfg = Release|Any CPU
		{305EB4E4-3640-4750-BD72-09BB4768DCA9}.Release|x64.Build.0 = Release|Any CPU
		{50462AD7-F977-4E0E-AE34-FEA63434C207}.Debug|Any CPU.ActiveCfg = Debug|Any CPU
		{50462AD7-F977-4E0E-AE34-FEA63434C207}.Debug|Any CPU.Build.0 = Debug|Any CPU
		{50462AD7-F977-4E0E-AE34-FEA63434C207}.Debug|Any CPU.Deploy.0 = Debug|Any CPU
		{50462AD7-F977-4E0E-AE34-FEA63434C207}.Debug|ARM32.ActiveCfg = Debug|Any CPU
		{50462AD7-F977-4E0E-AE34-FEA63434C207}.Debug|ARM32.Build.0 = Debug|Any CPU
		{50462AD7-F977-4E0E-AE34-FEA63434C207}.Debug|ARM32.Deploy.0 = Debug|Any CPU
		{50462AD7-F977-4E0E-AE34-FEA63434C207}.Debug|ARM64.ActiveCfg = Debug|Any CPU
		{50462AD7-F977-4E0E-AE34-FEA63434C207}.Debug|ARM64.Build.0 = Debug|Any CPU
		{50462AD7-F977-4E0E-AE34-FEA63434C207}.Debug|ARM64.Deploy.0 = Debug|Any CPU
		{50462AD7-F977-4E0E-AE34-FEA63434C207}.Debug|x64.ActiveCfg = Debug|Any CPU
		{50462AD7-F977-4E0E-AE34-FEA63434C207}.Debug|x64.Build.0 = Debug|Any CPU
		{50462AD7-F977-4E0E-AE34-FEA63434C207}.Debug|x64.Deploy.0 = Debug|Any CPU
		{50462AD7-F977-4E0E-AE34-FEA63434C207}.Release|Any CPU.ActiveCfg = Release|Any CPU
		{50462AD7-F977-4E0E-AE34-FEA63434C207}.Release|Any CPU.Build.0 = Release|Any CPU
		{50462AD7-F977-4E0E-AE34-FEA63434C207}.Release|Any CPU.Deploy.0 = Release|Any CPU
		{50462AD7-F977-4E0E-AE34-FEA63434C207}.Release|ARM32.ActiveCfg = Release|Any CPU
		{50462AD7-F977-4E0E-AE34-FEA63434C207}.Release|ARM32.Build.0 = Release|Any CPU
		{50462AD7-F977-4E0E-AE34-FEA63434C207}.Release|ARM32.Deploy.0 = Release|Any CPU
		{50462AD7-F977-4E0E-AE34-FEA63434C207}.Release|ARM64.ActiveCfg = Release|Any CPU
		{50462AD7-F977-4E0E-AE34-FEA63434C207}.Release|ARM64.Build.0 = Release|Any CPU
		{50462AD7-F977-4E0E-AE34-FEA63434C207}.Release|ARM64.Deploy.0 = Release|Any CPU
		{50462AD7-F977-4E0E-AE34-FEA63434C207}.Release|x64.ActiveCfg = Release|Any CPU
		{50462AD7-F977-4E0E-AE34-FEA63434C207}.Release|x64.Build.0 = Release|Any CPU
		{50462AD7-F977-4E0E-AE34-FEA63434C207}.Release|x64.Deploy.0 = Release|Any CPU
	EndGlobalSection
	GlobalSection(SolutionProperties) = preSolution
		HideSolutionNode = FALSE
	EndGlobalSection
	GlobalSection(ExtensibilityGlobals) = postSolution
		SolutionGuid = {53BD0F04-B643-4603-9A42-9F9FB547E1E4}
	EndGlobalSection
EndGlobal
